
Microsoft Visual Studio Solution File, Format Version 12.00
# Visual Studio Version 17
VisualStudioVersion = 17.14.36221.1
MinimumVisualStudioVersion = 10.0.40219.1
Project("{FAE04EC0-301F-11D3-BF4B-00C04F79EFBC}") = "CursoCSharp", "CursoCSharp.csproj", "{59075436-4823-4645-81BC-1969AF007952}"
EndProject
Global
	GlobalSection(SolutionConfigurationPlatforms) = preSolution
		Debug|Any CPU = Debug|Any CPU
		Release|Any CPU = Release|Any CPU
	EndGlobalSection
	GlobalSection(ProjectConfigurationPlatforms) = postSolution
		{59075436-4823-4645-81BC-1969AF007952}.Debug|Any CPU.ActiveCfg = Debug|Any CPU
		{59075436-4823-4645-81BC-1969AF007952}.Debug|Any CPU.Build.0 = Debug|Any CPU
		{59075436-4823-4645-81BC-1969AF007952}.Release|Any CPU.ActiveCfg = Release|Any CPU
		{59075436-4823-4645-81BC-1969AF007952}.Release|Any CPU.Build.0 = Release|Any CPU
	EndGlobalSection
	GlobalSection(SolutionProperties) = preSolution
		HideSolutionNode = FALSE
	EndGlobalSection
	GlobalSection(ExtensibilityGlobals) = postSolution
		SolutionGuid = {9F46558F-AA6C-45BB-B8F3-11D886547E73}
	EndGlobalSection
EndGlobal
